
Microsoft Visual Studio Solution File, Format Version 12.00
# Visual Studio Version 17
VisualStudioVersion = 17.0.31903.59
MinimumVisualStudioVersion = 10.0.40219.1
Project("{FAE04EC0-301F-11D3-BF4B-00C04F79EFBC}") = "Data", "Data\Data.csproj", "{0E04816D-82E8-4B6F-9084-9AFCD9C54730}"
EndProject
Project("{FAE04EC0-301F-11D3-BF4B-00C04F79EFBC}") = "Entity", "Entity\Entity.csproj", "{F958090C-B67F-42BD-8F81-078C699D0B40}"
EndProject
Project("{FAE04EC0-301F-11D3-BF4B-00C04F79EFBC}") = "Service", "Service\Service.csproj", "{30C70F5D-CAB2-4A17-B0C5-DDEA9AAF0041}"
EndProject
Project("{FAE04EC0-301F-11D3-BF4B-00C04F79EFBC}") = "TemplateApiDDD", "TemplateApiDDD\TemplateApiDDD.csproj", "{6C8CF109-7567-4169-8D9D-BAF923398A49}"
EndProject
Global
	GlobalSection(SolutionConfigurationPlatforms) = preSolution
		Debug|Any CPU = Debug|Any CPU
		Release|Any CPU = Release|Any CPU
	EndGlobalSection
	GlobalSection(SolutionProperties) = preSolution
		HideSolutionNode = FALSE
	EndGlobalSection
	GlobalSection(ProjectConfigurationPlatforms) = postSolution
		{0E04816D-82E8-4B6F-9084-9AFCD9C54730}.Debug|Any CPU.ActiveCfg = Debug|Any CPU
		{0E04816D-82E8-4B6F-9084-9AFCD9C54730}.Debug|Any CPU.Build.0 = Debug|Any CPU
		{0E04816D-82E8-4B6F-9084-9AFCD9C54730}.Release|Any CPU.ActiveCfg = Release|Any CPU
		{0E04816D-82E8-4B6F-9084-9AFCD9C54730}.Release|Any CPU.Build.0 = Release|Any CPU
		{F958090C-B67F-42BD-8F81-078C699D0B40}.Debug|Any CPU.ActiveCfg = Debug|Any CPU
		{F958090C-B67F-42BD-8F81-078C699D0B40}.Debug|Any CPU.Build.0 = Debug|Any CPU
		{F958090C-B67F-42BD-8F81-078C699D0B40}.Release|Any CPU.ActiveCfg = Release|Any CPU
		{F958090C-B67F-42BD-8F81-078C699D0B40}.Release|Any CPU.Build.0 = Release|Any CPU
		{30C70F5D-CAB2-4A17-B0C5-DDEA9AAF0041}.Debug|Any CPU.ActiveCfg = Debug|Any CPU
		{30C70F5D-CAB2-4A17-B0C5-DDEA9AAF0041}.Debug|Any CPU.Build.0 = Debug|Any CPU
		{30C70F5D-CAB2-4A17-B0C5-DDEA9AAF0041}.Release|Any CPU.ActiveCfg = Release|Any CPU
		{30C70F5D-CAB2-4A17-B0C5-DDEA9AAF0041}.Release|Any CPU.Build.0 = Release|Any CPU
		{6C8CF109-7567-4169-8D9D-BAF923398A49}.Debug|Any CPU.ActiveCfg = Debug|Any CPU
		{6C8CF109-7567-4169-8D9D-BAF923398A49}.Debug|Any CPU.Build.0 = Debug|Any CPU
		{6C8CF109-7567-4169-8D9D-BAF923398A49}.Release|Any CPU.ActiveCfg = Release|Any CPU
		{6C8CF109-7567-4169-8D9D-BAF923398A49}.Release|Any CPU.Build.0 = Release|Any CPU
	EndGlobalSection
EndGlobal
